lockfileVersion: '9.0'

settings:
  autoInstallPeers: true
  excludeLinksFromLockfile: false

importers:

  .:
    devDependencies:
      '@prettier/plugin-xml':
        specifier: ^3.4.2
        version: 3.4.2(prettier@3.8.4)
      prettier:
        specifier: ^3.8.4
        version: 3.8.4

packages:

  '@prettier/plugin-xml@3.4.2':
    resolution: {integrity: sha512-/UyNlHfkuLXG6Ed85KB0WBF283xn2yavR+UtRibBRUcvEJId2DSLdGXwJ/cDa1X++SWDPzq3+GSFniHjkNy7yg==}
    peerDependencies:
      prettier: ^3.0.0

  '@xml-tools/parser@1.0.11':
    resolution: {integrity: sha512-aKqQ077XnR+oQtHJlrAflaZaL7qZsulWc/i/ZEooar5JiWj1eLt0+Wg28cpa+XLney107wXqneC+oG1IZvxkTA==}

  chevrotain@7.1.1:
    resolution: {integrity: sha512-wy3mC1x4ye+O+QkEinVJkPf5u2vsrDIYW9G7ZuwFl6v/Yu0LwUuT2POsb+NUWApebyxfkQq6+yDfRExbnI5rcw==}

  prettier@3.8.4:
    resolution: {integrity: sha512-N2MylSdi48+5N/6S5j+maeHbUSIzzZ5uOcX5Hm4QpV8Dkb1HFjfAKTKX6yNPJQD9AhcT3ifHNB66tWTTJDi11Q==}
    engines: {node: '>=14'}
    hasBin: true

  regexp-to-ast@0.5.0:
    resolution: {integrity: sha512-tlbJqcMHnPKI9zSrystikWKwHkBqu2a/Sgw01h3zFjvYrMxEDYHzzoMZnUrbIfpTFEsoRnnviOXNCzFiSc54Qw==}

snapshots:

  '@prettier/plugin-xml@3.4.2(prettier@3.8.4)':
    dependencies:
      '@xml-tools/parser': 1.0.11
      prettier: 3.8.4

  '@xml-tools/parser@1.0.11':
    dependencies:
      chevrotain: 7.1.1

  chevrotain@7.1.1:
    dependencies:
      regexp-to-ast: 0.5.0

  prettier@3.8.4: {}

  regexp-to-ast@0.5.0: {}
